
Microsoft Visual Studio Solution File, Format Version 12.00
# Visual Studio Version 17
VisualStudioVersion = 17.8.34316.72
MinimumVisualStudioVersion = 10.0.40219.1
Project("{FAE04EC0-301F-11D3-BF4B-00C04F79EFBC}") = "PR-23.106.Danilovavariant1", "PR-23.106.Danilovavariant1\PR-23.106.Danilovavariant1.csproj", "{3A91006F-941A-423F-890D-7E1025107E2E}"
EndProject
Global
	GlobalSection(SolutionConfigurationPlatforms) = preSolution
		Debug|Any CPU = Debug|Any CPU
		Release|Any CPU = Release|Any CPU
	EndGlobalSection
	GlobalSection(ProjectConfigurationPlatforms) = postSolution
		{3A91006F-941A-423F-890D-7E1025107E2E}.Debug|Any CPU.ActiveCfg = Debug|Any CPU
		{3A91006F-941A-423F-890D-7E1025107E2E}.Debug|Any CPU.Build.0 = Debug|Any CPU
		{3A91006F-941A-423F-890D-7E1025107E2E}.Release|Any CPU.ActiveCfg = Release|Any CPU
		{3A91006F-941A-423F-890D-7E1025107E2E}.Release|Any CPU.Build.0 = Release|Any CPU
	EndGlobalSection
	GlobalSection(SolutionProperties) = preSolution
		HideSolutionNode = FALSE
	EndGlobalSection
	GlobalSection(ExtensibilityGlobals) = postSolution
		SolutionGuid = {245FD9B5-2366-488C-A34D-AC5C93750222}
	EndGlobalSection
EndGlobal
